// !$*UTF8*$!
{
	archiveVersion = 1;
	classes = {
	};
	objectVersion = 50;
	objects = {

/* Begin PBXBuildFile section */
		213C57B4245152240064486F /* AppDelegate.swift in Sources */ = {isa = PBXBuildFile; fileRef = 213C57B3245152240064486F /* AppDelegate.swift */; };
		213C57B6245152240064486F /* SceneDelegate.swift in Sources */ = {isa = PBXBuildFile; fileRef = 213C57B5245152240064486F /* SceneDelegate.swift */; };
		213C57BB245152240064486F /* Main.storyboard in Resources */ = {isa = PBXBuildFile; fileRef = 213C57B9245152240064486F /* Main.storyboard */; };
		213C57BD245152260064486F /* Assets.xcassets in Resources */ = {isa = PBXBuildFile; fileRef = 213C57BC245152260064486F /* Assets.xcassets */; };
		213C57EE24518C410064486F /* Home.storyboard in Resources */ = {isa = PBXBuildFile; fileRef = 213C57EC24518C400064486F /* Home.storyboard */; };
		213C57F124518C680064486F /* Live.storyboard in Resources */ = {isa = PBXBuildFile; fileRef = 213C57EF24518C680064486F /* Live.storyboard */; };
		213C57F424518C920064486F /* Follow.storyboard in Resources */ = {isa = PBXBuildFile; fileRef = 213C57F224518C920064486F /* Follow.storyboard */; };
		213C57F724518CB50064486F /* Profile.storyboard in Resources */ = {isa = PBXBuildFile; fileRef = 213C57F524518CB50064486F /* Profile.storyboard */; };
		213C57F9245191660064486F /* Launch Screen.storyboard in Resources */ = {isa = PBXBuildFile; fileRef = 213C57F8245191660064486F /* Launch Screen.storyboard */; };
		213C58102451AC9A0064486F /* HomeViewController.swift in Sources */ = {isa = PBXBuildFile; fileRef = 213C580F2451AC9A0064486F /* HomeViewController.swift */; };
		213C58132451B6810064486F /* UIBarButtonItem-Extension.swift in Sources */ = {isa = PBXBuildFile; fileRef = 213C58122451B6810064486F /* UIBarButtonItem-Extension.swift */; };
/* End PBXBuildFile section */

/* Begin PBXFileReference section */
		213C57B0245152230064486F /* DYZB.app */ = {isa = PBXFileReference; explicitFileType = wrapper.application; includeInIndex = 0; path = DYZB.app; sourceTree = BUILT_PRODUCTS_DIR; };
		213C57B3245152240064486F /* AppDelegate.swift */ = {isa = PBXFileReference; lastKnownFileType = sourcecode.swift; path = AppDelegate.swift; sourceTree = "<group>"; };
		213C57B5245152240064486F /* SceneDelegate.swift */ = {isa = PBXFileReference; lastKnownFileType = sourcecode.swift; path = SceneDelegate.swift; sourceTree = "<group>"; };
		213C57BA245152240064486F /* Base */ = {isa = PBXFileReference; lastKnownFileType = file.storyboard; name = Base; path = Base.lproj/Main.storyboard; sourceTree = "<group>"; };
		213C57BC245152260064486F /* Assets.xcassets */ = {isa = PBXFileReference; lastKnownFileType = folder.assetcatalog; path = Assets.xcassets; sourceTree = "<group>"; };
		213C57C1245152260064486F /* Info.plist */ = {isa = PBXFileReference; lastKnownFileType = text.plist.xml; path = Info.plist; sourceTree = "<group>"; };
		213C57ED24518C410064486F /* Base */ = {isa = PBXFileReference; lastKnownFileType = file.storyboard; name = Base; path = DYZB/Base.lproj/Home.storyboard; sourceTree = "<group>"; };
		213C57F024518C680064486F /* Base */ = {isa = PBXFileReference; lastKnownFileType = file.storyboard; name = Base; path = DYZB/Base.lproj/Live.storyboard; sourceTree = "<group>"; };
		213C57F324518C920064486F /* Base */ = {isa = PBXFileReference; lastKnownFileType = file.storyboard; name = Base; path = DYZB/Base.lproj/Follow.storyboard; sourceTree = "<group>"; };
		213C57F624518CB50064486F /* Base */ = {isa = PBXFileReference; lastKnownFileType = file.storyboard; name = Base; path = DYZB/Base.lproj/Profile.storyboard; sourceTree = "<group>"; };
		213C57F8245191660064486F /* Launch Screen.storyboard */ = {isa = PBXFileReference; lastKnownFileType = file.storyboard; path = "Launch Screen.storyboard"; sourceTree = "<group>"; };
		213C580F2451AC9A0064486F /* HomeViewController.swift */ = {isa = PBXFileReference; lastKnownFileType = sourcecode.swift; path = HomeViewController.swift; sourceTree = "<group>"; };
		213C58122451B6810064486F /* UIBarButtonItem-Extension.swift */ = {isa = PBXFileReference; lastKnownFileType = sourcecode.swift; path = "UIBarButtonItem-Extension.swift"; sourceTree = "<group>"; };
/* End PBXFileReference section */

/* Begin PBXFrameworksBuildPhase section */
		213C57AD245152230064486F /* Frameworks */ = {
			isa = PBXFrameworksBuildPhase;
			buildActionMask = 2147483647;
			files = (
			);
			runOnlyForDeploymentPostprocessing = 0;
		};
/* End PBXFrameworksBuildPhase section */

/* Begin PBXGroup section */
		213C57A7245152230064486F = {
			isa = PBXGroup;
			children = (
				213C57B2245152230064486F /* DYZB */,
				213C57B1245152230064486F /* Products */,
			);
			sourceTree = "<group>";
		};
		213C57B1245152230064486F /* Products */ = {
			isa = PBXGroup;
			children = (
				213C57B0245152230064486F /* DYZB.app */,
			);
			name = Products;
			sourceTree = "<group>";
		};
		213C57B2245152230064486F /* DYZB */ = {
			isa = PBXGroup;
			children = (
				213C57C9245172A20064486F /* Classes */,
				213C57B3245152240064486F /* AppDelegate.swift */,
				213C57B5245152240064486F /* SceneDelegate.swift */,
				213C57F8245191660064486F /* Launch Screen.storyboard */,
				213C57BC245152260064486F /* Assets.xcassets */,
				213C57C1245152260064486F /* Info.plist */,
			);
			path = DYZB;
			sourceTree = "<group>";
		};
		213C57C9245172A20064486F /* Classes */ = {
			isa = PBXGroup;
			children = (
				213C57CF245172A20064486F /* Main */,
				213C57CA245172A20064486F /* Home */,
				213C57CE245172A20064486F /* Live */,
				213C57CC245172A20064486F /* Follow */,
				213C57CD245172A20064486F /* Profile */,
				213C57CB245172A20064486F /* Tools */,
			);
			path = Classes;
			sourceTree = "<group>";
		};
		213C57CA245172A20064486F /* Home */ = {
			isa = PBXGroup;
			children = (
				213C580924519B1B0064486F /* Model */,
				213C580A24519B1B0064486F /* View */,
				213C580B24519B1B0064486F /* Controller */,
			);
			path = Home;
			sourceTree = "<group>";
		};
		213C57CB245172A20064486F /* Tools */ = {
			isa = PBXGroup;
			children = (
				213C58112451B61C0064486F /* Extension */,
			);
			path = Tools;
			sourceTree = "<group>";
		};
		213C57CC245172A20064486F /* Follow */ = {
			isa = PBXGroup;
			children = (
				213C57F224518C920064486F /* Follow.storyboard */,
			);
			path = Follow;
			sourceTree = "<group>";
		};
		213C57CD245172A20064486F /* Profile */ = {
			isa = PBXGroup;
			children = (
				213C57F524518CB50064486F /* Profile.storyboard */,
			);
			path = Profile;
			sourceTree = "<group>";
		};
		213C57CE245172A20064486F /* Live */ = {
			isa = PBXGroup;
			children = (
				213C57EF24518C680064486F /* Live.storyboard */,
			);
			path = Live;
			sourceTree = "<group>";
		};
		213C57CF245172A20064486F /* Main */ = {
			isa = PBXGroup;
			children = (
				213C580E24519B410064486F /* Model */,
				213C580C24519B410064486F /* View */,
				213C580D24519B410064486F /* Controller */,
			);
			path = Main;
			sourceTree = "<group>";
		};
		213C580924519B1B0064486F /* Model */ = {
			isa = PBXGroup;
			children = (
			);
			path = Model;
			sourceTree = "<group>";
		};
		213C580A24519B1B0064486F /* View */ = {
			isa = PBXGroup;
			children = (
			);
			path = View;
			sourceTree = "<group>";
		};
		213C580B24519B1B0064486F /* Controller */ = {
			isa = PBXGroup;
			children = (
				213C57EC24518C400064486F /* Home.storyboard */,
				213C580F2451AC9A0064486F /* HomeViewController.swift */,
			);
			path = Controller;
			sourceTree = "<group>";
		};
		213C580C24519B410064486F /* View */ = {
			isa = PBXGroup;
			children = (
			);
			path = View;
			sourceTree = "<group>";
		};
		213C580D24519B410064486F /* Controller */ = {
			isa = PBXGroup;
			children = (
				213C57B9245152240064486F /* Main.storyboard */,
			);
			path = Controller;
			sourceTree = "<group>";
		};
		213C580E24519B410064486F /* Model */ = {
			isa = PBXGroup;
			children = (
			);
			path = Model;
			sourceTree = "<group>";
		};
		213C58112451B61C0064486F /* Extension */ = {
			isa = PBXGroup;
			children = (
				213C58122451B6810064486F /* UIBarButtonItem-Extension.swift */,
			);
			path = Extension;
			sourceTree = "<group>";
		};
/* End PBXGroup section */

/* Begin PBXNativeTarget section */
		213C57AF245152230064486F /* DYZB */ = {
			isa = PBXNativeTarget;
			buildConfigurationList = 213C57C4245152260064486F /* Build configuration list for PBXNativeTarget "DYZB" */;
			buildPhases = (
				213C57AC245152230064486F /* Sources */,
				213C57AD245152230064486F /* Frameworks */,
				213C57AE245152230064486F /* Resources */,
			);
			buildRules = (
			);
			dependencies = (
			);
			name = DYZB;
			productName = DYZB;
			productReference = 213C57B0245152230064486F /* DYZB.app */;
			productType = "com.apple.product-type.application";
		};
/* End PBXNativeTarget section */

/* Begin PBXProject section */
		213C57A8245152230064486F /* Project object */ = {
			isa = PBXProject;
			attributes = {
				LastSwiftUpdateCheck = 1130;
				LastUpgradeCheck = 1130;
				ORGANIZATIONNAME = "王";
				TargetAttributes = {
					213C57AF245152230064486F = {
						CreatedOnToolsVersion = 11.3.1;
					};
				};
			};
			buildConfigurationList = 213C57AB245152230064486F /* Build configuration list for PBXProject "DYZB" */;
			compatibilityVersion = "Xcode 9.3";
			developmentRegion = en;
			hasScannedForEncodings = 0;
			knownRegions = (
				en,
				Base,
			);
			mainGroup = 213C57A7245152230064486F;
			productRefGroup = 213C57B1245152230064486F /* Products */;
			projectDirPath = "";
			projectRoot = "";
			targets = (
				213C57AF245152230064486F /* DYZB */,
			);
		};
/* End PBXProject section */

/* Begin PBXResourcesBuildPhase section */
		213C57AE245152230064486F /* Resources */ = {
			isa = PBXResourcesBuildPhase;
			buildActionMask = 2147483647;
			files = (
				213C57BD245152260064486F /* Assets.xcassets in Resources */,
				213C57BB245152240064486F /* Main.storyboard in Resources */,
				213C57F124518C680064486F /* Live.storyboard in Resources */,
				213C57EE24518C410064486F /* Home.storyboard in Resources */,
				213C57F724518CB50064486F /* Profile.storyboard in Resources */,
				213C57F424518C920064486F /* Follow.storyboard in Resources */,
				213C57F9245191660064486F /* Launch Screen.storyboard in Resources */,
			);
			runOnlyForDeploymentPostprocessing = 0;
		};
/* End PBXResourcesBuildPhase section */

/* Begin PBXSourcesBuildPhase section */
		213C57AC245152230064486F /* Sources */ = {
			isa = PBXSourcesBuildPhase;
			buildActionMask = 2147483647;
			files = (
				213C57B4245152240064486F /* AppDelegate.swift in Sources */,
				213C57B6245152240064486F /* SceneDelegate.swift in Sources */,
				213C58132451B6810064486F /* UIBarButtonItem-Extension.swift in Sources */,
				213C58102451AC9A0064486F /* HomeViewController.swift in Sources */,
			);
			runOnlyForDeploymentPostprocessing = 0;
		};
/* End PBXSourcesBuildPhase section */

/* Begin PBXVariantGroup section */
		213C57B9245152240064486F /* Main.storyboard */ = {
			isa = PBXVariantGroup;
			children = (
				213C57BA245152240064486F /* Base */,
			);
			name = Main.storyboard;
			sourceTree = "<group>";
		};
		213C57EC24518C400064486F /* Home.storyboard */ = {
			isa = PBXVariantGroup;
			children = (
				213C57ED24518C410064486F /* Base */,
			);
			name = Home.storyboard;
			sourceTree = "<group>";
		};
		213C57EF24518C680064486F /* Live.storyboard */ = {
			isa = PBXVariantGroup;
			children = (
				213C57F024518C680064486F /* Base */,
			);
			name = Live.storyboard;
			sourceTree = "<group>";
		};
		213C57F224518C920064486F /* Follow.storyboard */ = {
			isa = PBXVariantGroup;
			children = (
				213C57F324518C920064486F /* Base */,
			);
			name = Follow.storyboard;
			sourceTree = "<group>";
		};
		213C57F524518CB50064486F /* Profile.storyboard */ = {
			isa = PBXVariantGroup;
			children = (
				213C57F624518CB50064486F /* Base */,
			);
			name = Profile.storyboard;
			sourceTree = "<group>";
		};
/* End PBXVariantGroup section */

/* Begin XCBuildConfiguration section */
		213C57C2245152260064486F /* Debug */ = {
			isa = XCBuildConfiguration;
			buildSettings = {
				ALWAYS_SEARCH_USER_PATHS = NO;
				CLANG_ANALYZER_NONNULL = YES;
				CLANG_ANALYZER_NUMBER_OBJECT_CONVERSION = YES_AGGRESSIVE;
				CLANG_CXX_LANGUAGE_STANDARD = "gnu++14";
				CLANG_CXX_LIBRARY = "libc++";
				CLANG_ENABLE_MODULES = YES;
				CLANG_ENABLE_OBJC_ARC = YES;
				CLANG_ENABLE_OBJC_WEAK = YES;
				CLANG_WARN_BLOCK_CAPTURE_AUTORELEASING = YES;
				CLANG_WARN_BOOL_CONVERSION = YES;
				CLANG_WARN_COMMA = YES;
				CLANG_WARN_CONSTANT_CONVERSION = YES;
				CLANG_WARN_DEPRECATED_OBJC_IMPLEMENTATIONS = YES;
				CLANG_WARN_DIRECT_OBJC_ISA_USAGE = YES_ERROR;
				CLANG_WARN_DOCUMENTATION_COMMENTS = YES;
				CLANG_WARN_EMPTY_BODY = YES;
				CLANG_WARN_ENUM_CONVERSION = YES;
				CLANG_WARN_INFINITE_RECURSION = YES;
				CLANG_WARN_INT_CONVERSION = YES;
				CLANG_WARN_NON_LITERAL_NULL_CONVERSION = YES;
				CLANG_WARN_OBJC_IMPLICIT_RETAIN_SELF = YES;
				CLANG_WARN_OBJC_LITERAL_CONVERSION = YES;
				CLANG_WARN_OBJC_ROOT_CLASS = YES_ERROR;
				CLANG_WARN_RANGE_LOOP_ANALYSIS = YES;
				CLANG_WARN_STRICT_PROTOTYPES = YES;
				CLANG_WARN_SUSPICIOUS_MOVE = YES;
				CLANG_WARN_UNGUARDED_AVAILABILITY = YES_AGGRESSIVE;
				CLANG_WARN_UNREACHABLE_CODE = YES;
				CLANG_WARN__DUPLICATE_METHOD_MATCH = YES;
				COPY_PHASE_STRIP = NO;
				DEBUG_INFORMATION_FORMAT = dwarf;
				ENABLE_STRICT_OBJC_MSGSEND = YES;
				ENABLE_TESTABILITY = YES;
				GCC_C_LANGUAGE_STANDARD = gnu11;
				GCC_DYNAMIC_NO_PIC = NO;
				GCC_NO_COMMON_BLOCKS = YES;
				GCC_OPTIMIZATION_LEVEL = 0;
				GCC_PREPROCESSOR_DEFINITIONS = (
					"DEBUG=1",
					"$(inherited)",
				);
				GCC_WARN_64_TO_32_BIT_CONVERSION = YES;
				GCC_WARN_ABOUT_RETURN_TYPE = YES_ERROR;
				GCC_WARN_UNDECLARED_SELECTOR = YES;
				GCC_WARN_UNINITIALIZED_AUTOS = YES_AGGRESSIVE;
				GCC_WARN_UNUSED_FUNCTION = YES;
				GCC_WARN_UNUSED_VARIABLE = YES;
				IPHONEOS_DEPLOYMENT_TARGET = 13.2;
				MTL_ENABLE_DEBUG_INFO = INCLUDE_SOURCE;
				MTL_FAST_MATH = YES;
				ONLY_ACTIVE_ARCH = YES;
				SDKROOT = iphoneos;
				SWIFT_ACTIVE_COMPILATION_CONDITIONS = DEBUG;
				SWIFT_OPTIMIZATION_LEVEL = "-Onone";
			};
			name = Debug;
		};
		213C57C3245152260064486F /* Release */ = {
			isa = XCBuildConfiguration;
			buildSettings = {
				ALWAYS_SEARCH_USER_PATHS = NO;
				CLANG_ANALYZER_NONNULL = YES;
				CLANG_ANALYZER_NUMBER_OBJECT_CONVERSION = YES_AGGRESSIVE;
				CLANG_CXX_LANGUAGE_STANDARD = "gnu++14";
				CLANG_CXX_LIBRARY = "libc++";
				CLANG_ENABLE_MODULES = YES;
				CLANG_ENABLE_OBJC_ARC = YES;
				CLANG_ENABLE_OBJC_WEAK = YES;
				CLANG_WARN_BLOCK_CAPTURE_AUTORELEASING = YES;
				CLANG_WARN_BOOL_CONVERSION = YES;
				CLANG_WARN_COMMA = YES;
				CLANG_WARN_CONSTANT_CONVERSION = YES;
				CLANG_WARN_DEPRECATED_OBJC_IMPLEMENTATIONS = YES;
				CLANG_WARN_DIRECT_OBJC_ISA_USAGE = YES_ERROR;
				CLANG_WARN_DOCUMENTATION_COMMENTS = YES;
				CLANG_WARN_EMPTY_BODY = YES;
				CLANG_WARN_ENUM_CONVERSION = YES;
				CLANG_WARN_INFINITE_RECURSION = YES;
				CLANG_WARN_INT_CONVERSION = YES;
				CLANG_WARN_NON_LITERAL_NULL_CONVERSION = YES;
				CLANG_WARN_OBJC_IMPLICIT_RETAIN_SELF = YES;
				CLANG_WARN_OBJC_LITERAL_CONVERSION = YES;
				CLANG_WARN_OBJC_ROOT_CLASS = YES_ERROR;
				CLANG_WARN_RANGE_LOOP_ANALYSIS = YES;
				CLANG_WARN_STRICT_PROTOTYPES = YES;
				CLANG_WARN_SUSPICIOUS_MOVE = YES;
				CLANG_WARN_UNGUARDED_AVAILABILITY = YES_AGGRESSIVE;
				CLANG_WARN_UNREACHABLE_CODE = YES;
				CLANG_WARN__DUPLICATE_METHOD_MATCH = YES;
				COPY_PHASE_STRIP = NO;
				DEBUG_INFORMATION_FORMAT = "dwarf-with-dsym";
				ENABLE_NS_ASSERTIONS = NO;
				ENABLE_STRICT_OBJC_MSGSEND = YES;
				GCC_C_LANGUAGE_STANDARD = gnu11;
				GCC_NO_COMMON_BLOCKS = YES;
				GCC_WARN_64_TO_32_BIT_CONVERSION = YES;
				GCC_WARN_ABOUT_RETURN_TYPE = YES_ERROR;
				GCC_WARN_UNDECLARED_SELECTOR = YES;
				GCC_WARN_UNINITIALIZED_AUTOS = YES_AGGRESSIVE;
				GCC_WARN_UNUSED_FUNCTION = YES;
				GCC_WARN_UNUSED_VARIABLE = YES;
				IPHONEOS_DEPLOYMENT_TARGET = 13.2;
				MTL_ENABLE_DEBUG_INFO = NO;
				MTL_FAST_MATH = YES;
				SDKROOT = iphoneos;
				SWIFT_COMPILATION_MODE = wholemodule;
				SWIFT_OPTIMIZATION_LEVEL = "-O";
				VALIDATE_PRODUCT = YES;
			};
			name = Release;
		};
		213C57C5245152260064486F /* Debug */ = {
			isa = XCBuildConfiguration;
			buildSettings = {
				ASSETCATALOG_COMPILER_APPICON_NAME = AppIcon;
				CODE_SIGN_STYLE = Automatic;
				DEVELOPMENT_TEAM = 3JU5T58CC9;
				INFOPLIST_FILE = DYZB/Info.plist;
				LD_RUNPATH_SEARCH_PATHS = (
					"$(inherited)",
					"@executable_path/Frameworks",
				);
				PRODUCT_BUNDLE_IDENTIFIER = com.kiger.DYZB;
				PRODUCT_NAME = "$(TARGET_NAME)";
				SWIFT_VERSION = 5.0;
				TARGETED_DEVICE_FAMILY = "1,2";
			};
			name = Debug;
		};
		213C57C6245152260064486F /* Release */ = {
			isa = XCBuildConfiguration;
			buildSettings = {
				ASSETCATALOG_COMPILER_APPICON_NAME = AppIcon;
				CODE_SIGN_STYLE = Automatic;
				DEVELOPMENT_TEAM = 3JU5T58CC9;
				INFOPLIST_FILE = DYZB/Info.plist;
				LD_RUNPATH_SEARCH_PATHS = (
					"$(inherited)",
					"@executable_path/Frameworks",
				);
				PRODUCT_BUNDLE_IDENTIFIER = com.kiger.DYZB;
				PRODUCT_NAME = "$(TARGET_NAME)";
				SWIFT_VERSION = 5.0;
				TARGETED_DEVICE_FAMILY = "1,2";
			};
			name = Release;
		};
/* End XCBuildConfiguration section */

/* Begin XCConfigurationList section */
		213C57AB245152230064486F /* Build configuration list for PBXProject "DYZB" */ = {
			isa = XCConfigurationList;
			buildConfigurations = (
				213C57C2245152260064486F /* Debug */,
				213C57C3245152260064486F /* Release */,
			);
			defaultConfigurationIsVisible = 0;
			defaultConfigurationName = Release;
		};
		213C57C4245152260064486F /* Build configuration list for PBXNativeTarget "DYZB" */ = {
			isa = XCConfigurationList;
			buildConfigurations = (
				213C57C5245152260064486F /* Debug */,
				213C57C6245152260064486F /* Release */,
			);
			defaultConfigurationIsVisible = 0;
			defaultConfigurationName = Release;
		};
/* End XCConfigurationList section */
	};
	rootObject = 213C57A8245152230064486F /* Project object */;
}
